
Microsoft Visual Studio Solution File, Format Version 12.00
# Visual Studio Version 17
VisualStudioVersion = 17.0.32014.148
MinimumVisualStudioVersion = 10.0.40219.1
Project("{FAE04EC0-301F-11D3-BF4B-00C04F79EFBC}") = "TaskManager", "TaskManager\TaskManager.csproj", "{02D8ACAF-B93E-48B2-B7B5-41495BF76BC2}"
EndProject
Global
	GlobalSection(SolutionConfigurationPlatforms) = preSolution
		Debug|Any CPU = Debug|Any CPU
		Release|Any CPU = Release|Any CPU
	EndGlobalSection
	GlobalSection(ProjectConfigurationPlatforms) = postSolution
		{02D8ACAF-B93E-48B2-B7B5-41495BF76BC2}.Debug|Any CPU.ActiveCfg = Debug|Any CPU
		{02D8ACAF-B93E-48B2-B7B5-41495BF76BC2}.Debug|Any CPU.Build.0 = Debug|Any CPU
		{02D8ACAF-B93E-48B2-B7B5-41495BF76BC2}.Release|Any CPU.ActiveCfg = Release|Any CPU
		{02D8ACAF-B93E-48B2-B7B5-41495BF76BC2}.Release|Any CPU.Build.0 = Release|Any CPU
	EndGlobalSection
	GlobalSection(SolutionProperties) = preSolution
		HideSolutionNode = FALSE
	EndGlobalSection
	GlobalSection(ExtensibilityGlobals) = postSolution
		SolutionGuid = {BADE4B12-9F79-44B4-AA93-39D4C2143D0E}
	EndGlobalSection
EndGlobal
